
Microsoft Visual Studio Solution File, Format Version 12.00
# Visual Studio 15
VisualStudioVersion = 15.0.27130.2036
MinimumVisualStudioVersion = 10.0.40219.1
Project("{8BC9CEB8-8B4A-11D0-8D11-00A0C91BC942}") = "nurbs", "nurbs.vcxproj", "{D8C77C20-C789-4355-8947-E9C74DB1ABDC}"
EndProject
Global
	GlobalSection(SolutionConfigurationPlatforms) = preSolution
		Debug|x64 = Debug|x64
		Debug|x86 = Debug|x86
		Release|x64 = Release|x64
		Release|x86 = Release|x86
	EndGlobalSection
	GlobalSection(ProjectConfigurationPlatforms) = postSolution
		{D8C77C20-C789-4355-8947-E9C74DB1ABDC}.Debug|x64.ActiveCfg = Debug|x64
		{D8C77C20-C789-4355-8947-E9C74DB1ABDC}.Debug|x64.Build.0 = Debug|x64
		{D8C77C20-C789-4355-8947-E9C74DB1ABDC}.Debug|x86.ActiveCfg = Debug|Win32
		{D8C77C20-C789-4355-8947-E9C74DB1ABDC}.Debug|x86.Build.0 = Debug|Win32
		{D8C77C20-C789-4355-8947-E9C74DB1ABDC}.Release|x64.ActiveCfg = Release|x64
		{D8C77C20-C789-4355-8947-E9C74DB1ABDC}.Release|x64.Build.0 = Release|x64
		{D8C77C20-C789-4355-8947-E9C74DB1ABDC}.Release|x86.ActiveCfg = Release|Win32
		{D8C77C20-C789-4355-8947-E9C74DB1ABDC}.Release|x86.Build.0 = Release|Win32
	EndGlobalSection
	GlobalSection(SolutionProperties) = preSolution
		HideSolutionNode = FALSE
	EndGlobalSection
	GlobalSection(ExtensibilityGlobals) = postSolution
		SolutionGuid = {EB27DE74-1470-4981-85D4-E48365AF7674}
	EndGlobalSection
EndGlobal
